
Microsoft Visual Studio Solution File, Format Version 12.00
# Visual Studio 15
VisualStudioVersion = 15.0.28010.2041
MinimumVisualStudioVersion = 10.0.40219.1
Project("{FAE04EC0-301F-11D3-BF4B-00C04F79EFBC}") = "iPodInventoryProblem", "iPodInventoryProblem.csproj", "{55E3D384-17DE-474F-A506-0DCFE56CD508}"
EndProject
Global
	GlobalSection(SolutionConfigurationPlatforms) = preSolution
		Debug|Any CPU = Debug|Any CPU
		Release|Any CPU = Release|Any CPU
	EndGlobalSection
	GlobalSection(ProjectConfigurationPlatforms) = postSolution
		{55E3D384-17DE-474F-A506-0DCFE56CD508}.Debug|Any CPU.ActiveCfg = Debug|Any CPU
		{55E3D384-17DE-474F-A506-0DCFE56CD508}.Debug|Any CPU.Build.0 = Debug|Any CPU
		{55E3D384-17DE-474F-A506-0DCFE56CD508}.Release|Any CPU.ActiveCfg = Release|Any CPU
		{55E3D384-17DE-474F-A506-0DCFE56CD508}.Release|Any CPU.Build.0 = Release|Any CPU
	EndGlobalSection
	GlobalSection(SolutionProperties) = preSolution
		HideSolutionNode = FALSE
	EndGlobalSection
	GlobalSection(ExtensibilityGlobals) = postSolution
		SolutionGuid = {0AECA4B1-9593-4783-85BC-73DC2E7045A4}
	EndGlobalSection
EndGlobal
